
Microsoft Visual Studio Solution File, Format Version 11.00
# Visual Studio 2010
Project("{F184B08F-C81C-45F6-A57F-5ABD9991F28F}") = "Electricity ManageMent  System", "Electricity ManageMent  System\Electricity ManageMent  System.vbproj", "{B9D10473-DE33-4CED-9499-35273AA1F8EC}"
EndProject
Global
	GlobalSection(SolutionConfigurationPlatforms) = preSolution
		Debug|x86 = Debug|x86
		Release|x86 = Release|x86
	EndGlobalSection
	GlobalSection(ProjectConfigurationPlatforms) = postSolution
		{B9D10473-DE33-4CED-9499-35273AA1F8EC}.Debug|x86.ActiveCfg = Debug|x86
		{B9D10473-DE33-4CED-9499-35273AA1F8EC}.Debug|x86.Build.0 = Debug|x86
		{B9D10473-DE33-4CED-9499-35273AA1F8EC}.Release|x86.ActiveCfg = Release|x86
		{B9D10473-DE33-4CED-9499-35273AA1F8EC}.Release|x86.Build.0 = Release|x86
	EndGlobalSection
	GlobalSection(SolutionProperties) = preSolution
		HideSolutionNode = FALSE
	EndGlobalSection
EndGlobal
